
Microsoft Visual Studio Solution File, Format Version 12.00
# Visual Studio Version 17
VisualStudioVersion = 17.3.32819.101
MinimumVisualStudioVersion = 10.0.40219.1
Project("{2150E333-8FDC-42A3-9474-1A3956D46DE8}") = "APIGateways", "APIGateways", "{53E01C43-396C-42E7-B0EB-50D02606A978}"
EndProject
Project("{2150E333-8FDC-42A3-9474-1A3956D46DE8}") = "Services", "Services", "{D8C38D73-5FF3-4F2F-9490-3272EBFD5DF8}"
EndProject
Project("{2150E333-8FDC-42A3-9474-1A3956D46DE8}") = "WebApps", "WebApps", "{853F9563-BA0D-476F-91F1-11077BB89843}"
EndProject
Project("{2150E333-8FDC-42A3-9474-1A3956D46DE8}") = "CommonBlocks", "CommonBlocks", "{12F0B6C8-6878-4608-8452-BD2F5149F818}"
EndProject
Project("{2150E333-8FDC-42A3-9474-1A3956D46DE8}") = "StudentInfo", "StudentInfo", "{17DF7AB4-302D-48B6-9699-5B10177BC592}"
EndProject
Project("{2150E333-8FDC-42A3-9474-1A3956D46DE8}") = "Mailing", "Mailing", "{1A7331F2-6B51-46FB-8388-79DC4B828E09}"
EndProject
Project("{2150E333-8FDC-42A3-9474-1A3956D46DE8}") = "DiplomaAndCertification", "DiplomaAndCertification", "{F26B7952-C394-42D1-BD52-287766FD02C4}"
EndProject
Project("{9A19103F-16F7-4668-BE54-9A1E7A4F7556}") = "OcelotApiGw", "ApiGateways\OcelotApiGw\OcelotApiGw.csproj", "{D151DD90-0CD9-4CFC-87B7-0EE73EB8B849}"
EndProject
Project("{E53339B2-1760-4266-BCC7-CA923CBCF16C}") = "docker-compose", "docker-compose.dcproj", "{0C7EC16E-02B7-41E0-B317-AA2FE9E9A38F}"
	ProjectSection(ProjectDependencies) = postProject
		{02429ACC-9AA4-465F-88CD-90CF4319D907} = {02429ACC-9AA4-465F-88CD-90CF4319D907}
		{09ACDDFB-EC55-4ED3-80DE-3413D23F723A} = {09ACDDFB-EC55-4ED3-80DE-3413D23F723A}
		{0FAC2E1B-3954-4086-89D2-6972B0B91239} = {0FAC2E1B-3954-4086-89D2-6972B0B91239}
		{1094B324-B4CA-44E7-B836-BE988EEA6600} = {1094B324-B4CA-44E7-B836-BE988EEA6600}
		{33F9E8E8-BEC6-4F69-873F-32323AF5C70A} = {33F9E8E8-BEC6-4F69-873F-32323AF5C70A}
		{521AD8EE-E1FE-4507-9F79-0EE1CEE9504A} = {521AD8EE-E1FE-4507-9F79-0EE1CEE9504A}
		{5380A722-D823-45CD-8FFF-1677B1CA854A} = {5380A722-D823-45CD-8FFF-1677B1CA854A}
		{62357E7D-5B74-47BC-BA83-6B5D52FB35EF} = {62357E7D-5B74-47BC-BA83-6B5D52FB35EF}
		{7C361907-FACC-4914-B1BA-FE46629AC14A} = {7C361907-FACC-4914-B1BA-FE46629AC14A}
		{9E6C79C6-A2B4-466B-B1C6-1F6E6557CAF6} = {9E6C79C6-A2B4-466B-B1C6-1F6E6557CAF6}
		{B6DA7FDA-F4BF-409F-9981-8F8411F8DC12} = {B6DA7FDA-F4BF-409F-9981-8F8411F8DC12}
		{D151DD90-0CD9-4CFC-87B7-0EE73EB8B849} = {D151DD90-0CD9-4CFC-87B7-0EE73EB8B849}
	EndProjectSection
EndProject
Project("{9A19103F-16F7-4668-BE54-9A1E7A4F7556}") = "StudentInfo.WebApi", "Services\StudentInfo\StudentInfo.WebApi\StudentInfo.WebApi.csproj", "{521AD8EE-E1FE-4507-9F79-0EE1CEE9504A}"
EndProject
Project("{9A19103F-16F7-4668-BE54-9A1E7A4F7556}") = "StudentInfo.Domain", "Services\StudentInfo\Domain\StudentInfo.Domain\StudentInfo.Domain.csproj", "{B6DA7FDA-F4BF-409F-9981-8F8411F8DC12}"
EndProject
Project("{9A19103F-16F7-4668-BE54-9A1E7A4F7556}") = "StudentInfo.Infrastructure", "Services\StudentInfo\Infrastructure\Infrastructure\StudentInfo.Infrastructure.csproj", "{1094B324-B4CA-44E7-B836-BE988EEA6600}"
EndProject
Project("{2150E333-8FDC-42A3-9474-1A3956D46DE8}") = "DTO", "DTO", "{E75316EE-9DA8-4538-AF82-133ACCC06FF5}"
EndProject
Project("{D954291E-2A0B-460D-934E-DC6B0785DB48}") = "StudentInfo.DTO", "CommonBlocks\DTO\StudentInfo\StudentInfo.DTO\StudentInfo.DTO.shproj", "{42C3B128-EA5C-4B3F-BC5A-A23E1518C702}"
EndProject
Project("{2150E333-8FDC-42A3-9474-1A3956D46DE8}") = "APIsClients", "APIsClients", "{EE2B1D92-6F6B-4365-B61C-EAE92B00905F}"
EndProject
Project("{9A19103F-16F7-4668-BE54-9A1E7A4F7556}") = "StudentInfo.ApiClient", "APIsClients\StudentInfo.ApiClient\StudentInfo.ApiClient.csproj", "{02429ACC-9AA4-465F-88CD-90CF4319D907}"
EndProject
Project("{9A19103F-16F7-4668-BE54-9A1E7A4F7556}") = "ApisClients.Common", "APIsClients\ApisClients.Common\ApisClients.Common.csproj", "{0FAC2E1B-3954-4086-89D2-6972B0B91239}"
EndProject
Project("{2150E333-8FDC-42A3-9474-1A3956D46DE8}") = "StudentWebPortal", "StudentWebPortal", "{BD380FE8-3757-471A-9F5F-A82BA55A6383}"
EndProject
Project("{9A19103F-16F7-4668-BE54-9A1E7A4F7556}") = "StudentWebPortal.Client", "WebApps\StudentWebPortal\Client\StudentWebPortal.Client.csproj", "{7C361907-FACC-4914-B1BA-FE46629AC14A}"
EndProject
Project("{9A19103F-16F7-4668-BE54-9A1E7A4F7556}") = "StudentWebPortal.Server", "WebApps\StudentWebPortal\Server\StudentWebPortal.Server.csproj", "{9E6C79C6-A2B4-466B-B1C6-1F6E6557CAF6}"
EndProject
Project("{9A19103F-16F7-4668-BE54-9A1E7A4F7556}") = "DiplomaAndCertification.WebApi", "Services\DiplomaAndCertification\DiplomaAndCertification.WebApi\DiplomaAndCertification.WebApi.csproj", "{62357E7D-5B74-47BC-BA83-6B5D52FB35EF}"
EndProject
Project("{D954291E-2A0B-460D-934E-DC6B0785DB48}") = "DiplomaAndCertification.DTO", "CommonBlocks\DTO\DiplomaAndCertification.DTO\DiplomaAndCertification.DTO.shproj", "{66DF26CC-A4AA-461C-9BC0-7C0DFB239CBA}"
EndProject
Project("{FAE04EC0-301F-11D3-BF4B-00C04F79EFBC}") = "DiplomaAndCertification.ApiClient", "APIsClients\DiplomaAndCertification.ApiClient\DiplomaAndCertification.ApiClient.csproj", "{33F9E8E8-BEC6-4F69-873F-32323AF5C70A}"
EndProject
Project("{FAE04EC0-301F-11D3-BF4B-00C04F79EFBC}") = "EventBus.Messages", "CommonBlocks\EventBus.Messages\EventBus.Messages.csproj", "{09ACDDFB-EC55-4ED3-80DE-3413D23F723A}"
EndProject
Project("{FAE04EC0-301F-11D3-BF4B-00C04F79EFBC}") = "EmailSenderService", "Services\EmailSenderService\EmailSenderService.csproj", "{5380A722-D823-45CD-8FFF-1677B1CA854A}"
EndProject
Global
	GlobalSection(SolutionConfigurationPlatforms) = preSolution
		Debug|Any CPU = Debug|Any CPU
		Release|Any CPU = Release|Any CPU
	EndGlobalSection
	GlobalSection(ProjectConfigurationPlatforms) = postSolution
		{D151DD90-0CD9-4CFC-87B7-0EE73EB8B849}.Debug|Any CPU.ActiveCfg = Debug|Any CPU
		{D151DD90-0CD9-4CFC-87B7-0EE73EB8B849}.Debug|Any CPU.Build.0 = Debug|Any CPU
		{D151DD90-0CD9-4CFC-87B7-0EE73EB8B849}.Release|Any CPU.ActiveCfg = Release|Any CPU
		{D151DD90-0CD9-4CFC-87B7-0EE73EB8B849}.Release|Any CPU.Build.0 = Release|Any CPU
		{0C7EC16E-02B7-41E0-B317-AA2FE9E9A38F}.Debug|Any CPU.ActiveCfg = Debug|Any CPU
		{0C7EC16E-02B7-41E0-B317-AA2FE9E9A38F}.Debug|Any CPU.Build.0 = Debug|Any CPU
		{0C7EC16E-02B7-41E0-B317-AA2FE9E9A38F}.Release|Any CPU.ActiveCfg = Release|Any CPU
		{0C7EC16E-02B7-41E0-B317-AA2FE9E9A38F}.Release|Any CPU.Build.0 = Release|Any CPU
		{521AD8EE-E1FE-4507-9F79-0EE1CEE9504A}.Debug|Any CPU.ActiveCfg = Debug|Any CPU
		{521AD8EE-E1FE-4507-9F79-0EE1CEE9504A}.Debug|Any CPU.Build.0 = Debug|Any CPU
		{521AD8EE-E1FE-4507-9F79-0EE1CEE9504A}.Release|Any CPU.ActiveCfg = Release|Any CPU
		{521AD8EE-E1FE-4507-9F79-0EE1CEE9504A}.Release|Any CPU.Build.0 = Release|Any CPU
		{B6DA7FDA-F4BF-409F-9981-8F8411F8DC12}.Debug|Any CPU.ActiveCfg = Debug|Any CPU
		{B6DA7FDA-F4BF-409F-9981-8F8411F8DC12}.Debug|Any CPU.Build.0 = Debug|Any CPU
		{B6DA7FDA-F4BF-409F-9981-8F8411F8DC12}.Release|Any CPU.ActiveCfg = Release|Any CPU
		{B6DA7FDA-F4BF-409F-9981-8F8411F8DC12}.Release|Any CPU.Build.0 = Release|Any CPU
		{1094B324-B4CA-44E7-B836-BE988EEA6600}.Debug|Any CPU.ActiveCfg = Debug|Any CPU
		{1094B324-B4CA-44E7-B836-BE988EEA6600}.Debug|Any CPU.Build.0 = Debug|Any CPU
		{1094B324-B4CA-44E7-B836-BE988EEA6600}.Release|Any CPU.ActiveCfg = Release|Any CPU
		{1094B324-B4CA-44E7-B836-BE988EEA6600}.Release|Any CPU.Build.0 = Release|Any CPU
		{02429ACC-9AA4-465F-88CD-90CF4319D907}.Debug|Any CPU.ActiveCfg = Debug|Any CPU
		{02429ACC-9AA4-465F-88CD-90CF4319D907}.Debug|Any CPU.Build.0 = Debug|Any CPU
		{02429ACC-9AA4-465F-88CD-90CF4319D907}.Release|Any CPU.ActiveCfg = Release|Any CPU
		{02429ACC-9AA4-465F-88CD-90CF4319D907}.Release|Any CPU.Build.0 = Release|Any CPU
		{0FAC2E1B-3954-4086-89D2-6972B0B91239}.Debug|Any CPU.ActiveCfg = Debug|Any CPU
		{0FAC2E1B-3954-4086-89D2-6972B0B91239}.Debug|Any CPU.Build.0 = Debug|Any CPU
		{0FAC2E1B-3954-4086-89D2-6972B0B91239}.Release|Any CPU.ActiveCfg = Release|Any CPU
		{0FAC2E1B-3954-4086-89D2-6972B0B91239}.Release|Any CPU.Build.0 = Release|Any CPU
		{7C361907-FACC-4914-B1BA-FE46629AC14A}.Debug|Any CPU.ActiveCfg = Debug|Any CPU
		{7C361907-FACC-4914-B1BA-FE46629AC14A}.Debug|Any CPU.Build.0 = Debug|Any CPU
		{7C361907-FACC-4914-B1BA-FE46629AC14A}.Release|Any CPU.ActiveCfg = Release|Any CPU
		{7C361907-FACC-4914-B1BA-FE46629AC14A}.Release|Any CPU.Build.0 = Release|Any CPU
		{9E6C79C6-A2B4-466B-B1C6-1F6E6557CAF6}.Debug|Any CPU.ActiveCfg = Debug|Any CPU
		{9E6C79C6-A2B4-466B-B1C6-1F6E6557CAF6}.Debug|Any CPU.Build.0 = Debug|Any CPU
		{9E6C79C6-A2B4-466B-B1C6-1F6E6557CAF6}.Release|Any CPU.ActiveCfg = Release|Any CPU
		{9E6C79C6-A2B4-466B-B1C6-1F6E6557CAF6}.Release|Any CPU.Build.0 = Release|Any CPU
		{62357E7D-5B74-47BC-BA83-6B5D52FB35EF}.Debug|Any CPU.ActiveCfg = Debug|Any CPU
		{62357E7D-5B74-47BC-BA83-6B5D52FB35EF}.Debug|Any CPU.Build.0 = Debug|Any CPU
		{62357E7D-5B74-47BC-BA83-6B5D52FB35EF}.Release|Any CPU.ActiveCfg = Release|Any CPU
		{62357E7D-5B74-47BC-BA83-6B5D52FB35EF}.Release|Any CPU.Build.0 = Release|Any CPU
		{33F9E8E8-BEC6-4F69-873F-32323AF5C70A}.Debug|Any CPU.ActiveCfg = Debug|Any CPU
		{33F9E8E8-BEC6-4F69-873F-32323AF5C70A}.Debug|Any CPU.Build.0 = Debug|Any CPU
		{33F9E8E8-BEC6-4F69-873F-32323AF5C70A}.Release|Any CPU.ActiveCfg = Release|Any CPU
		{33F9E8E8-BEC6-4F69-873F-32323AF5C70A}.Release|Any CPU.Build.0 = Release|Any CPU
		{09ACDDFB-EC55-4ED3-80DE-3413D23F723A}.Debug|Any CPU.ActiveCfg = Debug|Any CPU
		{09ACDDFB-EC55-4ED3-80DE-3413D23F723A}.Debug|Any CPU.Build.0 = Debug|Any CPU
		{09ACDDFB-EC55-4ED3-80DE-3413D23F723A}.Release|Any CPU.ActiveCfg = Release|Any CPU
		{09ACDDFB-EC55-4ED3-80DE-3413D23F723A}.Release|Any CPU.Build.0 = Release|Any CPU
		{5380A722-D823-45CD-8FFF-1677B1CA854A}.Debug|Any CPU.ActiveCfg = Debug|Any CPU
		{5380A722-D823-45CD-8FFF-1677B1CA854A}.Debug|Any CPU.Build.0 = Debug|Any CPU
		{5380A722-D823-45CD-8FFF-1677B1CA854A}.Release|Any CPU.ActiveCfg = Release|Any CPU
		{5380A722-D823-45CD-8FFF-1677B1CA854A}.Release|Any CPU.Build.0 = Release|Any CPU
	EndGlobalSection
	GlobalSection(SolutionProperties) = preSolution
		HideSolutionNode = FALSE
	EndGlobalSection
	GlobalSection(NestedProjects) = preSolution
		{17DF7AB4-302D-48B6-9699-5B10177BC592} = {D8C38D73-5FF3-4F2F-9490-3272EBFD5DF8}
		{1A7331F2-6B51-46FB-8388-79DC4B828E09} = {D8C38D73-5FF3-4F2F-9490-3272EBFD5DF8}
		{F26B7952-C394-42D1-BD52-287766FD02C4} = {D8C38D73-5FF3-4F2F-9490-3272EBFD5DF8}
		{D151DD90-0CD9-4CFC-87B7-0EE73EB8B849} = {53E01C43-396C-42E7-B0EB-50D02606A978}
		{521AD8EE-E1FE-4507-9F79-0EE1CEE9504A} = {17DF7AB4-302D-48B6-9699-5B10177BC592}
		{B6DA7FDA-F4BF-409F-9981-8F8411F8DC12} = {17DF7AB4-302D-48B6-9699-5B10177BC592}
		{1094B324-B4CA-44E7-B836-BE988EEA6600} = {17DF7AB4-302D-48B6-9699-5B10177BC592}
		{E75316EE-9DA8-4538-AF82-133ACCC06FF5} = {12F0B6C8-6878-4608-8452-BD2F5149F818}
		{42C3B128-EA5C-4B3F-BC5A-A23E1518C702} = {E75316EE-9DA8-4538-AF82-133ACCC06FF5}
		{02429ACC-9AA4-465F-88CD-90CF4319D907} = {EE2B1D92-6F6B-4365-B61C-EAE92B00905F}
		{0FAC2E1B-3954-4086-89D2-6972B0B91239} = {EE2B1D92-6F6B-4365-B61C-EAE92B00905F}
		{BD380FE8-3757-471A-9F5F-A82BA55A6383} = {853F9563-BA0D-476F-91F1-11077BB89843}
		{7C361907-FACC-4914-B1BA-FE46629AC14A} = {BD380FE8-3757-471A-9F5F-A82BA55A6383}
		{9E6C79C6-A2B4-466B-B1C6-1F6E6557CAF6} = {BD380FE8-3757-471A-9F5F-A82BA55A6383}
		{62357E7D-5B74-47BC-BA83-6B5D52FB35EF} = {F26B7952-C394-42D1-BD52-287766FD02C4}
		{66DF26CC-A4AA-461C-9BC0-7C0DFB239CBA} = {E75316EE-9DA8-4538-AF82-133ACCC06FF5}
		{33F9E8E8-BEC6-4F69-873F-32323AF5C70A} = {EE2B1D92-6F6B-4365-B61C-EAE92B00905F}
		{09ACDDFB-EC55-4ED3-80DE-3413D23F723A} = {12F0B6C8-6878-4608-8452-BD2F5149F818}
		{5380A722-D823-45CD-8FFF-1677B1CA854A} = {1A7331F2-6B51-46FB-8388-79DC4B828E09}
	EndGlobalSection
	GlobalSection(ExtensibilityGlobals) = postSolution
		SolutionGuid = {2BF6409D-C702-46E5-85C3-00F815367529}
	EndGlobalSection
	GlobalSection(SharedMSBuildProjectFiles) = preSolution
		CommonBlocks\DTO\StudentInfo\StudentInfo.DTO\StudentInfo.DTO.projitems*{02429acc-9aa4-465f-88cd-90cf4319d907}*SharedItemsImports = 5
		CommonBlocks\DTO\DiplomaAndCertification.DTO\DiplomaAndCertification.DTO.projitems*{33f9e8e8-bec6-4f69-873f-32323af5c70a}*SharedItemsImports = 5
		CommonBlocks\DTO\StudentInfo\StudentInfo.DTO\StudentInfo.DTO.projitems*{42c3b128-ea5c-4b3f-bc5a-a23e1518c702}*SharedItemsImports = 13
		CommonBlocks\DTO\StudentInfo\StudentInfo.DTO\StudentInfo.DTO.projitems*{521ad8ee-e1fe-4507-9f79-0ee1cee9504a}*SharedItemsImports = 5
		CommonBlocks\DTO\DiplomaAndCertification.DTO\DiplomaAndCertification.DTO.projitems*{62357e7d-5b74-47bc-ba83-6b5d52fb35ef}*SharedItemsImports = 5
		CommonBlocks\DTO\DiplomaAndCertification.DTO\DiplomaAndCertification.DTO.projitems*{66df26cc-a4aa-461c-9bc0-7c0dfb239cba}*SharedItemsImports = 13
	EndGlobalSection
EndGlobal
